
Microsoft Visual Studio Solution File, Format Version 12.00
# Visual Studio 15
VisualStudioVersion = 15.0.28307.329
MinimumVisualStudioVersion = 10.0.40219.1
Project("{9A19103F-16F7-4668-BE54-9A1E7A4F7556}") = "Poc.GraphQl.Api", "Poc.GraphQl.Api\Poc.GraphQl.Api.csproj", "{767639CE-83B3-46A1-85A6-1F63C7526C9A}"
EndProject
Project("{E53339B2-1760-4266-BCC7-CA923CBCF16C}") = "docker-compose", "docker-compose.dcproj", "{1B36046C-1DA3-4F64-9366-DA8495AE45FD}"
EndProject
Project("{FAE04EC0-301F-11D3-BF4B-00C04F79EFBC}") = "Poc.GraphQl.Data", "Poc.GraphQl.Data\Poc.GraphQl.Data.csproj", "{8B39F2EA-0F2C-413E-98AE-82BCB6F656D5}"
EndProject
Global
	GlobalSection(SolutionConfigurationPlatforms) = preSolution
		Debug|Any CPU = Debug|Any CPU
		Release|Any CPU = Release|Any CPU
	EndGlobalSection
	GlobalSection(ProjectConfigurationPlatforms) = postSolution
		{767639CE-83B3-46A1-85A6-1F63C7526C9A}.Debug|Any CPU.ActiveCfg = Debug|Any CPU
		{767639CE-83B3-46A1-85A6-1F63C7526C9A}.Debug|Any CPU.Build.0 = Debug|Any CPU
		{767639CE-83B3-46A1-85A6-1F63C7526C9A}.Release|Any CPU.ActiveCfg = Release|Any CPU
		{767639CE-83B3-46A1-85A6-1F63C7526C9A}.Release|Any CPU.Build.0 = Release|Any CPU
		{1B36046C-1DA3-4F64-9366-DA8495AE45FD}.Debug|Any CPU.ActiveCfg = Debug|Any CPU
		{1B36046C-1DA3-4F64-9366-DA8495AE45FD}.Debug|Any CPU.Build.0 = Debug|Any CPU
		{1B36046C-1DA3-4F64-9366-DA8495AE45FD}.Release|Any CPU.ActiveCfg = Release|Any CPU
		{1B36046C-1DA3-4F64-9366-DA8495AE45FD}.Release|Any CPU.Build.0 = Release|Any CPU
		{8B39F2EA-0F2C-413E-98AE-82BCB6F656D5}.Debug|Any CPU.ActiveCfg = Debug|Any CPU
		{8B39F2EA-0F2C-413E-98AE-82BCB6F656D5}.Debug|Any CPU.Build.0 = Debug|Any CPU
		{8B39F2EA-0F2C-413E-98AE-82BCB6F656D5}.Release|Any CPU.ActiveCfg = Release|Any CPU
		{8B39F2EA-0F2C-413E-98AE-82BCB6F656D5}.Release|Any CPU.Build.0 = Release|Any CPU
	EndGlobalSection
	GlobalSection(SolutionProperties) = preSolution
		HideSolutionNode = FALSE
	EndGlobalSection
	GlobalSection(ExtensibilityGlobals) = postSolution
		SolutionGuid = {15EC4367-C31C-45EE-B60F-9C31D0643399}
	EndGlobalSection
EndGlobal
